
Microsoft Visual Studio Solution File, Format Version 12.00
# Visual Studio Version 17
VisualStudioVersion = 17.11.35222.181
MinimumVisualStudioVersion = 10.0.40219.1
Project("{2150E333-8FDC-42A3-9474-1A3956D46DE8}") = "Task0", "Task0", "{0B801FB3-7F11-431C-AD1A-FFC68CECA1FA}"
EndProject
Project("{9A19103F-16F7-4668-BE54-9A1E7A4F7556}") = "Tyuiu.ShmidtAA.Sprint0.Task0.V0", "Tyuiu.ShmidtAA.Sprint0.Task0.V0\Tyuiu.ShmidtAA.Sprint0.Task0.V0.csproj", "{27B6D6D8-224A-44CA-874E-3D180EF75072}"
EndProject
Project("{2150E333-8FDC-42A3-9474-1A3956D46DE8}") = "Task1", "Task1", "{09EA47A9-FDB5-4429-81EE-62FC98C0BF50}"
EndProject
Project("{9A19103F-16F7-4668-BE54-9A1E7A4F7556}") = "Tyuiu.ShmidtAA.Sprint0.Task1.V0", "Tyuiu.ShmidtAA.Sprint0.Task1.V0\Tyuiu.ShmidtAA.Sprint0.Task1.V0.csproj", "{CFBD38AE-42C6-480C-8C88-B7C6866B2AA0}"
EndProject
Project("{2150E333-8FDC-42A3-9474-1A3956D46DE8}") = "Task2", "Task2", "{04334CF6-B912-43B9-A1EF-58D0C61C63D9}"
EndProject
Project("{9A19103F-16F7-4668-BE54-9A1E7A4F7556}") = "Tyuiu.ShmidtAA.Sprint0.Task2.V0", "Tyuiu.ShmidtAA.Sprint0.Task2.V0\Tyuiu.ShmidtAA.Sprint0.Task2.V0.csproj", "{0A13DF83-1DC8-45A1-97CF-8C601CA3D2C3}"
EndProject
Project("{9A19103F-16F7-4668-BE54-9A1E7A4F7556}") = "Tyuiu.ShmidtAA.Sprint0.Task2.V0.Lib", "Tyuiu.ShmidtAA.Sprint0.Task2.V0.Lib\Tyuiu.ShmidtAA.Sprint0.Task2.V0.Lib.csproj", "{4A7DD853-F601-42C6-A117-A11CEB721075}"
EndProject
Project("{9A19103F-16F7-4668-BE54-9A1E7A4F7556}") = "Tyuiu.ShmidtAA.Sprint0.Task2.V0.Test", "Tyuiu.ShmidtAA.Sprint0.Task2.V0.Test\Tyuiu.ShmidtAA.Sprint0.Task2.V0.Test.csproj", "{87E8E36E-F105-4F23-B474-ABE277F395CA}"
EndProject
Project("{2150E333-8FDC-42A3-9474-1A3956D46DE8}") = "Task3", "Task3", "{E53F0DED-C67E-472C-9BB1-61BCEF299AAB}"
EndProject
Project("{9A19103F-16F7-4668-BE54-9A1E7A4F7556}") = "Tyuiu.ShmidtAA.Sprint0.Task3.V0", "Tyuiu.ShmidtAA.Sprint0.Task3.V0\Tyuiu.ShmidtAA.Sprint0.Task3.V0.csproj", "{4AF53997-E3A2-4DFE-A581-BD307FAFB56F}"
EndProject
Project("{9A19103F-16F7-4668-BE54-9A1E7A4F7556}") = "Tyuiu.ShmidtAA.Sprint0.Task3.V0.Lib", "Tyuiu.ShmidtAA.Sprint0.Task3.V0.Lib\Tyuiu.ShmidtAA.Sprint0.Task3.V0.Lib.csproj", "{68DB8CBF-661D-44F6-A275-61CE13AA226C}"
EndProject
Project("{9A19103F-16F7-4668-BE54-9A1E7A4F7556}") = "Tyuiu.ShmidtAA.Sprint0.Task3.V0.Test", "Tyuiu.ShmidtAA.Sprint0.Task3.V0.Test\Tyuiu.ShmidtAA.Sprint0.Task3.V0.Test.csproj", "{D8600BD3-4409-41B1-B0A9-B5119F602D46}"
EndProject
Project("{2150E333-8FDC-42A3-9474-1A3956D46DE8}") = "Task4", "Task4", "{F29897CB-5040-49DA-BED5-126DA44D9DA1}"
EndProject
Project("{FAE04EC0-301F-11D3-BF4B-00C04F79EFBC}") = "Tyuiu.ShmidtAA.Sprint0.Task4.V0", "Tyuiu.ShmidtAA.Sprint0.Task4.V0\Tyuiu.ShmidtAA.Sprint0.Task4.V0.csproj", "{3CAF1120-B636-4304-B997-5E65A334FF71}"
EndProject
Project("{FAE04EC0-301F-11D3-BF4B-00C04F79EFBC}") = "Tyuiu.ShmidtAA.Sprint0.Task4.V0.Lib", "Tyuiu.ShmidtAA.Sprint0.Task4.V0.Lib\Tyuiu.ShmidtAA.Sprint0.Task4.V0.Lib.csproj", "{B04613FA-1DDC-42DB-89A5-9B848B4F041A}"
EndProject
Project("{FAE04EC0-301F-11D3-BF4B-00C04F79EFBC}") = "Tyuiu.ShmidtAA.Sprint0.Task4.V0.Test", "Tyuiu.ShmidtAA.Sprint0.Task4.V0.Test\Tyuiu.ShmidtAA.Sprint0.Task4.V0.Test.csproj", "{C7407060-E333-4046-BBE0-4CE391E380C1}"
EndProject
Global
	GlobalSection(SolutionConfigurationPlatforms) = preSolution
		Debug|Any CPU = Debug|Any CPU
		Release|Any CPU = Release|Any CPU
	EndGlobalSection
	GlobalSection(ProjectConfigurationPlatforms) = postSolution
		{27B6D6D8-224A-44CA-874E-3D180EF75072}.Debug|Any CPU.ActiveCfg = Debug|Any CPU
		{27B6D6D8-224A-44CA-874E-3D180EF75072}.Debug|Any CPU.Build.0 = Debug|Any CPU
		{27B6D6D8-224A-44CA-874E-3D180EF75072}.Release|Any CPU.ActiveCfg = Release|Any CPU
		{27B6D6D8-224A-44CA-874E-3D180EF75072}.Release|Any CPU.Build.0 = Release|Any CPU
		{CFBD38AE-42C6-480C-8C88-B7C6866B2AA0}.Debug|Any CPU.ActiveCfg = Debug|Any CPU
		{CFBD38AE-42C6-480C-8C88-B7C6866B2AA0}.Debug|Any CPU.Build.0 = Debug|Any CPU
		{CFBD38AE-42C6-480C-8C88-B7C6866B2AA0}.Release|Any CPU.ActiveCfg = Release|Any CPU
		{CFBD38AE-42C6-480C-8C88-B7C6866B2AA0}.Release|Any CPU.Build.0 = Release|Any CPU
		{0A13DF83-1DC8-45A1-97CF-8C601CA3D2C3}.Debug|Any CPU.ActiveCfg = Debug|Any CPU
		{0A13DF83-1DC8-45A1-97CF-8C601CA3D2C3}.Debug|Any CPU.Build.0 = Debug|Any CPU
		{0A13DF83-1DC8-45A1-97CF-8C601CA3D2C3}.Release|Any CPU.ActiveCfg = Release|Any CPU
		{0A13DF83-1DC8-45A1-97CF-8C601CA3D2C3}.Release|Any CPU.Build.0 = Release|Any CPU
		{4A7DD853-F601-42C6-A117-A11CEB721075}.Debug|Any CPU.ActiveCfg = Debug|Any CPU
		{4A7DD853-F601-42C6-A117-A11CEB721075}.Debug|Any CPU.Build.0 = Debug|Any CPU
		{4A7DD853-F601-42C6-A117-A11CEB721075}.Release|Any CPU.ActiveCfg = Release|Any CPU
		{4A7DD853-F601-42C6-A117-A11CEB721075}.Release|Any CPU.Build.0 = Release|Any CPU
		{87E8E36E-F105-4F23-B474-ABE277F395CA}.Debug|Any CPU.ActiveCfg = Debug|Any CPU
		{87E8E36E-F105-4F23-B474-ABE277F395CA}.Debug|Any CPU.Build.0 = Debug|Any CPU
		{87E8E36E-F105-4F23-B474-ABE277F395CA}.Release|Any CPU.ActiveCfg = Release|Any CPU
		{87E8E36E-F105-4F23-B474-ABE277F395CA}.Release|Any CPU.Build.0 = Release|Any CPU
		{4AF53997-E3A2-4DFE-A581-BD307FAFB56F}.Debug|Any CPU.ActiveCfg = Debug|Any CPU
		{4AF53997-E3A2-4DFE-A581-BD307FAFB56F}.Debug|Any CPU.Build.0 = Debug|Any CPU
		{4AF53997-E3A2-4DFE-A581-BD307FAFB56F}.Release|Any CPU.ActiveCfg = Release|Any CPU
		{4AF53997-E3A2-4DFE-A581-BD307FAFB56F}.Release|Any CPU.Build.0 = Release|Any CPU
		{68DB8CBF-661D-44F6-A275-61CE13AA226C}.Debug|Any CPU.ActiveCfg = Debug|Any CPU
		{68DB8CBF-661D-44F6-A275-61CE13AA226C}.Debug|Any CPU.Build.0 = Debug|Any CPU
		{68DB8CBF-661D-44F6-A275-61CE13AA226C}.Release|Any CPU.ActiveCfg = Release|Any CPU
		{68DB8CBF-661D-44F6-A275-61CE13AA226C}.Release|Any CPU.Build.0 = Release|Any CPU
		{D8600BD3-4409-41B1-B0A9-B5119F602D46}.Debug|Any CPU.ActiveCfg = Debug|Any CPU
		{D8600BD3-4409-41B1-B0A9-B5119F602D46}.Debug|Any CPU.Build.0 = Debug|Any CPU
		{D8600BD3-4409-41B1-B0A9-B5119F602D46}.Release|Any CPU.ActiveCfg = Release|Any CPU
		{D8600BD3-4409-41B1-B0A9-B5119F602D46}.Release|Any CPU.Build.0 = Release|Any CPU
		{3CAF1120-B636-4304-B997-5E65A334FF71}.Debug|Any CPU.ActiveCfg = Debug|Any CPU
		{3CAF1120-B636-4304-B997-5E65A334FF71}.Debug|Any CPU.Build.0 = Debug|Any CPU
		{3CAF1120-B636-4304-B997-5E65A334FF71}.Release|Any CPU.ActiveCfg = Release|Any CPU
		{3CAF1120-B636-4304-B997-5E65A334FF71}.Release|Any CPU.Build.0 = Release|Any CPU
		{B04613FA-1DDC-42DB-89A5-9B848B4F041A}.Debug|Any CPU.ActiveCfg = Debug|Any CPU
		{B04613FA-1DDC-42DB-89A5-9B848B4F041A}.Debug|Any CPU.Build.0 = Debug|Any CPU
		{B04613FA-1DDC-42DB-89A5-9B848B4F041A}.Release|Any CPU.ActiveCfg = Release|Any CPU
		{B04613FA-1DDC-42DB-89A5-9B848B4F041A}.Release|Any CPU.Build.0 = Release|Any CPU
		{C7407060-E333-4046-BBE0-4CE391E380C1}.Debug|Any CPU.ActiveCfg = Debug|Any CPU
		{C7407060-E333-4046-BBE0-4CE391E380C1}.Debug|Any CPU.Build.0 = Debug|Any CPU
		{C7407060-E333-4046-BBE0-4CE391E380C1}.Release|Any CPU.ActiveCfg = Release|Any CPU
		{C7407060-E333-4046-BBE0-4CE391E380C1}.Release|Any CPU.Build.0 = Release|Any CPU
	EndGlobalSection
	GlobalSection(SolutionProperties) = preSolution
		HideSolutionNode = FALSE
	EndGlobalSection
	GlobalSection(NestedProjects) = preSolution
		{27B6D6D8-224A-44CA-874E-3D180EF75072} = {0B801FB3-7F11-431C-AD1A-FFC68CECA1FA}
		{CFBD38AE-42C6-480C-8C88-B7C6866B2AA0} = {09EA47A9-FDB5-4429-81EE-62FC98C0BF50}
		{0A13DF83-1DC8-45A1-97CF-8C601CA3D2C3} = {04334CF6-B912-43B9-A1EF-58D0C61C63D9}
		{4A7DD853-F601-42C6-A117-A11CEB721075} = {04334CF6-B912-43B9-A1EF-58D0C61C63D9}
		{87E8E36E-F105-4F23-B474-ABE277F395CA} = {04334CF6-B912-43B9-A1EF-58D0C61C63D9}
		{4AF53997-E3A2-4DFE-A581-BD307FAFB56F} = {E53F0DED-C67E-472C-9BB1-61BCEF299AAB}
		{68DB8CBF-661D-44F6-A275-61CE13AA226C} = {E53F0DED-C67E-472C-9BB1-61BCEF299AAB}
		{D8600BD3-4409-41B1-B0A9-B5119F602D46} = {E53F0DED-C67E-472C-9BB1-61BCEF299AAB}
		{3CAF1120-B636-4304-B997-5E65A334FF71} = {F29897CB-5040-49DA-BED5-126DA44D9DA1}
		{B04613FA-1DDC-42DB-89A5-9B848B4F041A} = {F29897CB-5040-49DA-BED5-126DA44D9DA1}
		{C7407060-E333-4046-BBE0-4CE391E380C1} = {F29897CB-5040-49DA-BED5-126DA44D9DA1}
	EndGlobalSection
	GlobalSection(ExtensibilityGlobals) = postSolution
		SolutionGuid = {35ED7369-C1E3-4CB5-9274-DEEA5AA51308}
	EndGlobalSection
EndGlobal
