
Microsoft Visual Studio Solution File, Format Version 12.00
# Visual Studio Version 17
VisualStudioVersion = 17.11.35222.181
MinimumVisualStudioVersion = 10.0.40219.1
Project("{2150E333-8FDC-42A3-9474-1A3956D46DE8}") = "Task0", "Task0", "{0B801FB3-7F11-431C-AD1A-FFC68CECA1FA}"
EndProject
Project("{9A19103F-16F7-4668-BE54-9A1E7A4F7556}") = "Tyuiu.ShmidtAA.Sprint0.Task0.V0", "Tyuiu.ShmidtAA.Sprint0.Task0.V0\Tyuiu.ShmidtAA.Sprint0.Task0.V0.csproj", "{27B6D6D8-224A-44CA-874E-3D180EF75072}"
EndProject
Project("{2150E333-8FDC-42A3-9474-1A3956D46DE8}") = "Task1", "Task1", "{09EA47A9-FDB5-4429-81EE-62FC98C0BF50}"
EndProject
Project("{FAE04EC0-301F-11D3-BF4B-00C04F79EFBC}") = "Tyuiu.ShmidtAA.Sprint0.Task1.V0", "Tyuiu.ShmidtAA.Sprint0.Task1.V0\Tyuiu.ShmidtAA.Sprint0.Task1.V0.csproj", "{CFBD38AE-42C6-480C-8C88-B7C6866B2AA0}"
EndProject
Global
	GlobalSection(SolutionConfigurationPlatforms) = preSolution
		Debug|Any CPU = Debug|Any CPU
		Release|Any CPU = Release|Any CPU
	EndGlobalSection
	GlobalSection(ProjectConfigurationPlatforms) = postSolution
		{27B6D6D8-224A-44CA-874E-3D180EF75072}.Debug|Any CPU.ActiveCfg = Debug|Any CPU
		{27B6D6D8-224A-44CA-874E-3D180EF75072}.Debug|Any CPU.Build.0 = Debug|Any CPU
		{27B6D6D8-224A-44CA-874E-3D180EF75072}.Release|Any CPU.ActiveCfg = Release|Any CPU
		{27B6D6D8-224A-44CA-874E-3D180EF75072}.Release|Any CPU.Build.0 = Release|Any CPU
		{CFBD38AE-42C6-480C-8C88-B7C6866B2AA0}.Debug|Any CPU.ActiveCfg = Debug|Any CPU
		{CFBD38AE-42C6-480C-8C88-B7C6866B2AA0}.Debug|Any CPU.Build.0 = Debug|Any CPU
		{CFBD38AE-42C6-480C-8C88-B7C6866B2AA0}.Release|Any CPU.ActiveCfg = Release|Any CPU
		{CFBD38AE-42C6-480C-8C88-B7C6866B2AA0}.Release|Any CPU.Build.0 = Release|Any CPU
	EndGlobalSection
	GlobalSection(SolutionProperties) = preSolution
		HideSolutionNode = FALSE
	EndGlobalSection
	GlobalSection(NestedProjects) = preSolution
		{27B6D6D8-224A-44CA-874E-3D180EF75072} = {0B801FB3-7F11-431C-AD1A-FFC68CECA1FA}
		{CFBD38AE-42C6-480C-8C88-B7C6866B2AA0} = {09EA47A9-FDB5-4429-81EE-62FC98C0BF50}
	EndGlobalSection
	GlobalSection(ExtensibilityGlobals) = postSolution
		SolutionGuid = {35ED7369-C1E3-4CB5-9274-DEEA5AA51308}
	EndGlobalSection
EndGlobal
